{
  "requires": true,
  "lockfileVersion": 1,
  "dependencies": {
    "nan": {
      "version": "2.11.1",
      "resolved": "https://registry.npmjs.org/nan/-/nan-2.11.1.tgz",
      "integrity": "sha512-iji6k87OSXa0CcrLl9z+ZiYSuR2o+c0bGuNmXdrhTQTakxytAFsC56SArGYoiHlJlFoHSnvmhpceZJaXkVuOtA=="
    },
    "spawn-as-admin": {
      "version": "0.1.3",
      "resolved": "https://registry.npmjs.org/spawn-as-admin/-/spawn-as-admin-0.1.3.tgz",
      "integrity": "sha512-Npim9xQUt1odxwLnhhmVJ/9FV6F5LRwrc6iwyoCRrykHcEZoHvl5XBr9QYmYwZvAB0/yr8RhfwSjvjYKSFzSTg==",
      "requires": {
        "nan": "2.11.1"
      }
    }
  }
}
